
Microsoft Visual Studio Solution File, Format Version 12.00
# Visual Studio Version 16
VisualStudioVersion = 16.0.808.10
MinimumVisualStudioVersion = 10.0.40219.1
Project("{FAE04EC0-301F-11D3-BF4B-00C04F79EFBC}") = "csqlite", "csqlite\csqlite.csproj", "{24DE7C3A-AB35-42DD-B78C-27D04FB170B5}"
EndProject
Global
	GlobalSection(SolutionConfigurationPlatforms) = preSolution
		Debug|Any CPU = Debug|Any CPU
		Release|Any CPU = Release|Any CPU
	EndGlobalSection
	GlobalSection(ProjectConfigurationPlatforms) = postSolution
		{24DE7C3A-AB35-42DD-B78C-27D04FB170B5}.Debug|Any CPU.ActiveCfg = Debug|Any CPU
		{24DE7C3A-AB35-42DD-B78C-27D04FB170B5}.Debug|Any CPU.Build.0 = Debug|Any CPU
		{24DE7C3A-AB35-42DD-B78C-27D04FB170B5}.Release|Any CPU.ActiveCfg = Release|Any CPU
		{24DE7C3A-AB35-42DD-B78C-27D04FB170B5}.Release|Any CPU.Build.0 = Release|Any CPU
	EndGlobalSection
	GlobalSection(SolutionProperties) = preSolution
		HideSolutionNode = FALSE
	EndGlobalSection
	GlobalSection(ExtensibilityGlobals) = postSolution
		SolutionGuid = {E702B555-3DE9-46F2-BE87-5C0386B539DD}
	EndGlobalSection
EndGlobal
