
Microsoft Visual Studio Solution File, Format Version 12.00
# Visual Studio Version 16
VisualStudioVersion = 16.0.31005.135
MinimumVisualStudioVersion = 10.0.40219.1
Project("{FAE04EC0-301F-11D3-BF4B-00C04F79EFBC}") = "SigmaTask3", "SigmaTask3\SigmaTask3.csproj", "{4EB44717-67CE-41A3-B595-0DE01A52C584}"
EndProject
Project("{FAE04EC0-301F-11D3-BF4B-00C04F79EFBC}") = "SigmaMagicSquare", "SigmaMagicSquare\SigmaMagicSquare.csproj", "{4FE1C2EE-1167-4BB0-A66C-093203B6D372}"
EndProject
Global
	GlobalSection(SolutionConfigurationPlatforms) = preSolution
		Debug|Any CPU = Debug|Any CPU
		Release|Any CPU = Release|Any CPU
	EndGlobalSection
	GlobalSection(ProjectConfigurationPlatforms) = postSolution
		{4EB44717-67CE-41A3-B595-0DE01A52C584}.Debug|Any CPU.ActiveCfg = Debug|Any CPU
		{4EB44717-67CE-41A3-B595-0DE01A52C584}.Debug|Any CPU.Build.0 = Debug|Any CPU
		{4EB44717-67CE-41A3-B595-0DE01A52C584}.Release|Any CPU.ActiveCfg = Release|Any CPU
		{4EB44717-67CE-41A3-B595-0DE01A52C584}.Release|Any CPU.Build.0 = Release|Any CPU
		{4FE1C2EE-1167-4BB0-A66C-093203B6D372}.Debug|Any CPU.ActiveCfg = Debug|Any CPU
		{4FE1C2EE-1167-4BB0-A66C-093203B6D372}.Debug|Any CPU.Build.0 = Debug|Any CPU
		{4FE1C2EE-1167-4BB0-A66C-093203B6D372}.Release|Any CPU.ActiveCfg = Release|Any CPU
		{4FE1C2EE-1167-4BB0-A66C-093203B6D372}.Release|Any CPU.Build.0 = Release|Any CPU
	EndGlobalSection
	GlobalSection(SolutionProperties) = preSolution
		HideSolutionNode = FALSE
	EndGlobalSection
	GlobalSection(ExtensibilityGlobals) = postSolution
		SolutionGuid = {5E9276BB-358D-4591-8A24-58A4CE183A15}
	EndGlobalSection
EndGlobal
