
Microsoft Visual Studio Solution File, Format Version 12.00
# Visual Studio Version 16
VisualStudioVersion = 16.0.31005.135
MinimumVisualStudioVersion = 10.0.40219.1
Project("{9A19103F-16F7-4668-BE54-9A1E7A4F7556}") = "SigmaTasks", "SigmaTasks\SigmaTasks.csproj", "{2ECF3A2A-5E39-4079-81DB-45C8246E577E}"
EndProject
Global
	GlobalSection(SolutionConfigurationPlatforms) = preSolution
		Debug|Any CPU = Debug|Any CPU
		Release|Any CPU = Release|Any CPU
	EndGlobalSection
	GlobalSection(ProjectConfigurationPlatforms) = postSolution
		{2ECF3A2A-5E39-4079-81DB-45C8246E577E}.Debug|Any CPU.ActiveCfg = Debug|Any CPU
		{2ECF3A2A-5E39-4079-81DB-45C8246E577E}.Debug|Any CPU.Build.0 = Debug|Any CPU
		{2ECF3A2A-5E39-4079-81DB-45C8246E577E}.Release|Any CPU.ActiveCfg = Release|Any CPU
		{2ECF3A2A-5E39-4079-81DB-45C8246E577E}.Release|Any CPU.Build.0 = Release|Any CPU
	EndGlobalSection
	GlobalSection(SolutionProperties) = preSolution
		HideSolutionNode = FALSE
	EndGlobalSection
	GlobalSection(ExtensibilityGlobals) = postSolution
		SolutionGuid = {4DEA069F-DC28-4833-BD40-B76553C61421}
	EndGlobalSection
EndGlobal
